// !$*UTF8*$!
{
	archiveVersion = 1;
	classes = {
	};
	objectVersion = 56;
	objects = {

/* Begin PBXBuildFile section */
		03484AB5292FD0F700AAE2AA /* MemorizeGameApp.swift in Sources */ = {isa = PBXBuildFile; fileRef = 03484AB4292FD0F700AAE2AA /* MemorizeGameApp.swift */; };
		03484AB7292FD0F700AAE2AA /* EmojiMemoryGameView.swift in Sources */ = {isa = PBXBuildFile; fileRef = 03484AB6292FD0F700AAE2AA /* EmojiMemoryGameView.swift */; };
		03484AB9292FD0FB00AAE2AA /* Assets.xcassets in Resources */ = {isa = PBXBuildFile; fileRef = 03484AB8292FD0FB00AAE2AA /* Assets.xcassets */; };
		03484ABC292FD0FB00AAE2AA /* Preview Assets.xcassets in Resources */ = {isa = PBXBuildFile; fileRef = 03484ABB292FD0FB00AAE2AA /* Preview Assets.xcassets */; };
		03484AC3292FD51300AAE2AA /* MemoryGame.swift in Sources */ = {isa = PBXBuildFile; fileRef = 03484AC2292FD51300AAE2AA /* MemoryGame.swift */; };
		03484AC6292FD64500AAE2AA /* EmojiMemoryGame.swift in Sources */ = {isa = PBXBuildFile; fileRef = 03484AC5292FD64500AAE2AA /* EmojiMemoryGame.swift */; };
		03484ACA292FEC5A00AAE2AA /* CardView.swift in Sources */ = {isa = PBXBuildFile; fileRef = 03484AC9292FEC5A00AAE2AA /* CardView.swift */; };
		03484ACD292FF17600AAE2AA /* Array+OneAndOnly.swift in Sources */ = {isa = PBXBuildFile; fileRef = 03484ACC292FF17600AAE2AA /* Array+OneAndOnly.swift */; };
		03484ACF293020EC00AAE2AA /* AspectVGrid.swift in Sources */ = {isa = PBXBuildFile; fileRef = 03484ACE293020EC00AAE2AA /* AspectVGrid.swift */; };
		03484AD129302C1900AAE2AA /* Pie.swift in Sources */ = {isa = PBXBuildFile; fileRef = 03484AD029302C1900AAE2AA /* Pie.swift */; };
/* End PBXBuildFile section */

/* Begin PBXFileReference section */
		03484AB1292FD0F700AAE2AA /* MemorizeGame.app */ = {isa = PBXFileReference; explicitFileType = wrapper.application; includeInIndex = 0; path = MemorizeGame.app; sourceTree = BUILT_PRODUCTS_DIR; };
		03484AB4292FD0F700AAE2AA /* MemorizeGameApp.swift */ = {isa = PBXFileReference; lastKnownFileType = sourcecode.swift; path = MemorizeGameApp.swift; sourceTree = "<group>"; };
		03484AB6292FD0F700AAE2AA /* EmojiMemoryGameView.swift */ = {isa = PBXFileReference; lastKnownFileType = sourcecode.swift; path = EmojiMemoryGameView.swift; sourceTree = "<group>"; };
		03484AB8292FD0FB00AAE2AA /* Assets.xcassets */ = {isa = PBXFileReference; lastKnownFileType = folder.assetcatalog; path = Assets.xcassets; sourceTree = "<group>"; };
		03484ABB292FD0FB00AAE2AA /* Preview Assets.xcassets */ = {isa = PBXFileReference; lastKnownFileType = folder.assetcatalog; path = "Preview Assets.xcassets"; sourceTree = "<group>"; };
		03484AC2292FD51300AAE2AA /* MemoryGame.swift */ = {isa = PBXFileReference; lastKnownFileType = sourcecode.swift; path = MemoryGame.swift; sourceTree = "<group>"; };
		03484AC5292FD64500AAE2AA /* EmojiMemoryGame.swift */ = {isa = PBXFileReference; lastKnownFileType = sourcecode.swift; path = EmojiMemoryGame.swift; sourceTree = "<group>"; };
		03484AC9292FEC5A00AAE2AA /* CardView.swift */ = {isa = PBXFileReference; lastKnownFileType = sourcecode.swift; path = CardView.swift; sourceTree = "<group>"; };
		03484ACC292FF17600AAE2AA /* Array+OneAndOnly.swift */ = {isa = PBXFileReference; lastKnownFileType = sourcecode.swift; path = "Array+OneAndOnly.swift"; sourceTree = "<group>"; };
		03484ACE293020EC00AAE2AA /* AspectVGrid.swift */ = {isa = PBXFileReference; lastKnownFileType = sourcecode.swift; path = AspectVGrid.swift; sourceTree = "<group>"; };
		03484AD029302C1900AAE2AA /* Pie.swift */ = {isa = PBXFileReference; lastKnownFileType = sourcecode.swift; path = Pie.swift; sourceTree = "<group>"; };
/* End PBXFileReference section */

/* Begin PBXFrameworksBuildPhase section */
		03484AAE292FD0F700AAE2AA /* Frameworks */ = {
			isa = PBXFrameworksBuildPhase;
			buildActionMask = 2147483647;
			files = (
			);
			runOnlyForDeploymentPostprocessing = 0;
		};
/* End PBXFrameworksBuildPhase section */

/* Begin PBXGroup section */
		03484AA8292FD0F700AAE2AA = {
			isa = PBXGroup;
			children = (
				03484AB3292FD0F700AAE2AA /* MemorizeGame */,
				03484AB2292FD0F700AAE2AA /* Products */,
			);
			sourceTree = "<group>";
		};
		03484AB2292FD0F700AAE2AA /* Products */ = {
			isa = PBXGroup;
			children = (
				03484AB1292FD0F700AAE2AA /* MemorizeGame.app */,
			);
			name = Products;
			sourceTree = "<group>";
		};
		03484AB3292FD0F700AAE2AA /* MemorizeGame */ = {
			isa = PBXGroup;
			children = (
				03484ACB292FF15800AAE2AA /* Extensions */,
				03484AC4292FD51D00AAE2AA /* Model */,
				03484AC7292FD65600AAE2AA /* ViewModel */,
				03484AC8292FE1C800AAE2AA /* View */,
				03484AB4292FD0F700AAE2AA /* MemorizeGameApp.swift */,
				03484AB8292FD0FB00AAE2AA /* Assets.xcassets */,
				03484ABA292FD0FB00AAE2AA /* Preview Content */,
			);
			path = MemorizeGame;
			sourceTree = "<group>";
		};
		03484ABA292FD0FB00AAE2AA /* Preview Content */ = {
			isa = PBXGroup;
			children = (
				03484ABB292FD0FB00AAE2AA /* Preview Assets.xcassets */,
			);
			path = "Preview Content";
			sourceTree = "<group>";
		};
		03484AC4292FD51D00AAE2AA /* Model */ = {
			isa = PBXGroup;
			children = (
				03484AC2292FD51300AAE2AA /* MemoryGame.swift */,
			);
			path = Model;
			sourceTree = "<group>";
		};
		03484AC7292FD65600AAE2AA /* ViewModel */ = {
			isa = PBXGroup;
			children = (
				03484AC5292FD64500AAE2AA /* EmojiMemoryGame.swift */,
			);
			path = ViewModel;
			sourceTree = "<group>";
		};
		03484AC8292FE1C800AAE2AA /* View */ = {
			isa = PBXGroup;
			children = (
				03484AB6292FD0F700AAE2AA /* EmojiMemoryGameView.swift */,
				03484AC9292FEC5A00AAE2AA /* CardView.swift */,
				03484ACE293020EC00AAE2AA /* AspectVGrid.swift */,
				03484AD029302C1900AAE2AA /* Pie.swift */,
			);
			path = View;
			sourceTree = "<group>";
		};
		03484ACB292FF15800AAE2AA /* Extensions */ = {
			isa = PBXGroup;
			children = (
				03484ACC292FF17600AAE2AA /* Array+OneAndOnly.swift */,
			);
			path = Extensions;
			sourceTree = "<group>";
		};
/* End PBXGroup section */

/* Begin PBXNativeTarget section */
		03484AB0292FD0F700AAE2AA /* MemorizeGame */ = {
			isa = PBXNativeTarget;
			buildConfigurationList = 03484ABF292FD0FB00AAE2AA /* Build configuration list for PBXNativeTarget "MemorizeGame" */;
			buildPhases = (
				03484AAD292FD0F700AAE2AA /* Sources */,
				03484AAE292FD0F700AAE2AA /* Frameworks */,
				03484AAF292FD0F700AAE2AA /* Resources */,
			);
			buildRules = (
			);
			dependencies = (
			);
			name = MemorizeGame;
			productName = MemorizeGame;
			productReference = 03484AB1292FD0F700AAE2AA /* MemorizeGame.app */;
			productType = "com.apple.product-type.application";
		};
/* End PBXNativeTarget section */

/* Begin PBXProject section */
		03484AA9292FD0F700AAE2AA /* Project object */ = {
			isa = PBXProject;
			attributes = {
				BuildIndependentTargetsInParallel = 1;
				LastSwiftUpdateCheck = 1410;
				LastUpgradeCheck = 1410;
				TargetAttributes = {
					03484AB0292FD0F700AAE2AA = {
						CreatedOnToolsVersion = 14.1;
					};
				};
			};
			buildConfigurationList = 03484AAC292FD0F700AAE2AA /* Build configuration list for PBXProject "MemorizeGame" */;
			compatibilityVersion = "Xcode 14.0";
			developmentRegion = en;
			hasScannedForEncodings = 0;
			knownRegions = (
				en,
				Base,
			);
			mainGroup = 03484AA8292FD0F700AAE2AA;
			productRefGroup = 03484AB2292FD0F700AAE2AA /* Products */;
			projectDirPath = "";
			projectRoot = "";
			targets = (
				03484AB0292FD0F700AAE2AA /* MemorizeGame */,
			);
		};
/* End PBXProject section */

/* Begin PBXResourcesBuildPhase section */
		03484AAF292FD0F700AAE2AA /* Resources */ = {
			isa = PBXResourcesBuildPhase;
			buildActionMask = 2147483647;
			files = (
				03484ABC292FD0FB00AAE2AA /* Preview Assets.xcassets in Resources */,
				03484AB9292FD0FB00AAE2AA /* Assets.xcassets in Resources */,
			);
			runOnlyForDeploymentPostprocessing = 0;
		};
/* End PBXResourcesBuildPhase section */

/* Begin PBXSourcesBuildPhase section */
		03484AAD292FD0F700AAE2AA /* Sources */ = {
			isa = PBXSourcesBuildPhase;
			buildActionMask = 2147483647;
			files = (
				03484AC3292FD51300AAE2AA /* MemoryGame.swift in Sources */,
				03484AB7292FD0F700AAE2AA /* EmojiMemoryGameView.swift in Sources */,
				03484AD129302C1900AAE2AA /* Pie.swift in Sources */,
				03484ACF293020EC00AAE2AA /* AspectVGrid.swift in Sources */,
				03484AB5292FD0F700AAE2AA /* MemorizeGameApp.swift in Sources */,
				03484AC6292FD64500AAE2AA /* EmojiMemoryGame.swift in Sources */,
				03484ACD292FF17600AAE2AA /* Array+OneAndOnly.swift in Sources */,
				03484ACA292FEC5A00AAE2AA /* CardView.swift in Sources */,
			);
			runOnlyForDeploymentPostprocessing = 0;
		};
/* End PBXSourcesBuildPhase section */

/* Begin XCBuildConfiguration section */
		03484ABD292FD0FB00AAE2AA /* Debug */ = {
			isa = XCBuildConfiguration;
			buildSettings = {
				ALWAYS_SEARCH_USER_PATHS = NO;
				CLANG_ANALYZER_NONNULL = YES;
				CLANG_ANALYZER_NUMBER_OBJECT_CONVERSION = YES_AGGRESSIVE;
				CLANG_CXX_LANGUAGE_STANDARD = "gnu++20";
				CLANG_ENABLE_MODULES = YES;
				CLANG_ENABLE_OBJC_ARC = YES;
				CLANG_ENABLE_OBJC_WEAK = YES;
				CLANG_WARN_BLOCK_CAPTURE_AUTORELEASING = YES;
				CLANG_WARN_BOOL_CONVERSION = YES;
				CLANG_WARN_COMMA = YES;
				CLANG_WARN_CONSTANT_CONVERSION = YES;
				CLANG_WARN_DEPRECATED_OBJC_IMPLEMENTATIONS = YES;
				CLANG_WARN_DIRECT_OBJC_ISA_USAGE = YES_ERROR;
				CLANG_WARN_DOCUMENTATION_COMMENTS = YES;
				CLANG_WARN_EMPTY_BODY = YES;
				CLANG_WARN_ENUM_CONVERSION = YES;
				CLANG_WARN_INFINITE_RECURSION = YES;
				CLANG_WARN_INT_CONVERSION = YES;
				CLANG_WARN_NON_LITERAL_NULL_CONVERSION = YES;
				CLANG_WARN_OBJC_IMPLICIT_RETAIN_SELF = YES;
				CLANG_WARN_OBJC_LITERAL_CONVERSION = YES;
				CLANG_WARN_OBJC_ROOT_CLASS = YES_ERROR;
				CLANG_WARN_QUOTED_INCLUDE_IN_FRAMEWORK_HEADER = YES;
				CLANG_WARN_RANGE_LOOP_ANALYSIS = YES;
				CLANG_WARN_STRICT_PROTOTYPES = YES;
				CLANG_WARN_SUSPICIOUS_MOVE = YES;
				CLANG_WARN_UNGUARDED_AVAILABILITY = YES_AGGRESSIVE;
				CLANG_WARN_UNREACHABLE_CODE = YES;
				CLANG_WARN__DUPLICATE_METHOD_MATCH = YES;
				COPY_PHASE_STRIP = NO;
				DEBUG_INFORMATION_FORMAT = dwarf;
				ENABLE_STRICT_OBJC_MSGSEND = YES;
				ENABLE_TESTABILITY = YES;
				GCC_C_LANGUAGE_STANDARD = gnu11;
				GCC_DYNAMIC_NO_PIC = NO;
				GCC_NO_COMMON_BLOCKS = YES;
				GCC_OPTIMIZATION_LEVEL = 0;
				GCC_PREPROCESSOR_DEFINITIONS = (
					"DEBUG=1",
					"$(inherited)",
				);
				GCC_WARN_64_TO_32_BIT_CONVERSION = YES;
				GCC_WARN_ABOUT_RETURN_TYPE = YES_ERROR;
				GCC_WARN_UNDECLARED_SELECTOR = YES;
				GCC_WARN_UNINITIALIZED_AUTOS = YES_AGGRESSIVE;
				GCC_WARN_UNUSED_FUNCTION = YES;
				GCC_WARN_UNUSED_VARIABLE = YES;
				IPHONEOS_DEPLOYMENT_TARGET = 16.1;
				MTL_ENABLE_DEBUG_INFO = INCLUDE_SOURCE;
				MTL_FAST_MATH = YES;
				ONLY_ACTIVE_ARCH = YES;
				SDKROOT = iphoneos;
				SWIFT_ACTIVE_COMPILATION_CONDITIONS = DEBUG;
				SWIFT_OPTIMIZATION_LEVEL = "-Onone";
			};
			name = Debug;
		};
		03484ABE292FD0FB00AAE2AA /* Release */ = {
			isa = XCBuildConfiguration;
			buildSettings = {
				ALWAYS_SEARCH_USER_PATHS = NO;
				CLANG_ANALYZER_NONNULL = YES;
				CLANG_ANALYZER_NUMBER_OBJECT_CONVERSION = YES_AGGRESSIVE;
				CLANG_CXX_LANGUAGE_STANDARD = "gnu++20";
				CLANG_ENABLE_MODULES = YES;
				CLANG_ENABLE_OBJC_ARC = YES;
				CLANG_ENABLE_OBJC_WEAK = YES;
				CLANG_WARN_BLOCK_CAPTURE_AUTORELEASING = YES;
				CLANG_WARN_BOOL_CONVERSION = YES;
				CLANG_WARN_COMMA = YES;
				CLANG_WARN_CONSTANT_CONVERSION = YES;
				CLANG_WARN_DEPRECATED_OBJC_IMPLEMENTATIONS = YES;
				CLANG_WARN_DIRECT_OBJC_ISA_USAGE = YES_ERROR;
				CLANG_WARN_DOCUMENTATION_COMMENTS = YES;
				CLANG_WARN_EMPTY_BODY = YES;
				CLANG_WARN_ENUM_CONVERSION = YES;
				CLANG_WARN_INFINITE_RECURSION = YES;
				CLANG_WARN_INT_CONVERSION = YES;
				CLANG_WARN_NON_LITERAL_NULL_CONVERSION = YES;
				CLANG_WARN_OBJC_IMPLICIT_RETAIN_SELF = YES;
				CLANG_WARN_OBJC_LITERAL_CONVERSION = YES;
				CLANG_WARN_OBJC_ROOT_CLASS = YES_ERROR;
				CLANG_WARN_QUOTED_INCLUDE_IN_FRAMEWORK_HEADER = YES;
				CLANG_WARN_RANGE_LOOP_ANALYSIS = YES;
				CLANG_WARN_STRICT_PROTOTYPES = YES;
				CLANG_WARN_SUSPICIOUS_MOVE = YES;
				CLANG_WARN_UNGUARDED_AVAILABILITY = YES_AGGRESSIVE;
				CLANG_WARN_UNREACHABLE_CODE = YES;
				CLANG_WARN__DUPLICATE_METHOD_MATCH = YES;
				COPY_PHASE_STRIP = NO;
				DEBUG_INFORMATION_FORMAT = "dwarf-with-dsym";
				ENABLE_NS_ASSERTIONS = NO;
				ENABLE_STRICT_OBJC_MSGSEND = YES;
				GCC_C_LANGUAGE_STANDARD = gnu11;
				GCC_NO_COMMON_BLOCKS = YES;
				GCC_WARN_64_TO_32_BIT_CONVERSION = YES;
				GCC_WARN_ABOUT_RETURN_TYPE = YES_ERROR;
				GCC_WARN_UNDECLARED_SELECTOR = YES;
				GCC_WARN_UNINITIALIZED_AUTOS = YES_AGGRESSIVE;
				GCC_WARN_UNUSED_FUNCTION = YES;
				GCC_WARN_UNUSED_VARIABLE = YES;
				IPHONEOS_DEPLOYMENT_TARGET = 16.1;
				MTL_ENABLE_DEBUG_INFO = NO;
				MTL_FAST_MATH = YES;
				SDKROOT = iphoneos;
				SWIFT_COMPILATION_MODE = wholemodule;
				SWIFT_OPTIMIZATION_LEVEL = "-O";
				VALIDATE_PRODUCT = YES;
			};
			name = Release;
		};
		03484AC0292FD0FB00AAE2AA /* Debug */ = {
			isa = XCBuildConfiguration;
			buildSettings = {
				ASSETCATALOG_COMPILER_APPICON_NAME = AppIcon;
				ASSETCATALOG_COMPILER_GLOBAL_ACCENT_COLOR_NAME = AccentColor;
				CODE_SIGN_STYLE = Automatic;
				CURRENT_PROJECT_VERSION = 1;
				DEVELOPMENT_ASSET_PATHS = "\"MemorizeGame/Preview Content\"";
				DEVELOPMENT_TEAM = 2F72X23THM;
				ENABLE_PREVIEWS = YES;
				GENERATE_INFOPLIST_FILE = YES;
				INFOPLIST_KEY_UIApplicationSceneManifest_Generation = YES;
				INFOPLIST_KEY_UIApplicationSupportsIndirectInputEvents = YES;
				INFOPLIST_KEY_UILaunchScreen_Generation = YES;
				INFOPLIST_KEY_UISupportedInterfaceOrientations_iPad = "UIInterfaceOrientationPortrait UIInterfaceOrientationPortraitUpsideDown UIInterfaceOrientationLandscapeLeft UIInterfaceOrientationLandscapeRight";
				INFOPLIST_KEY_UISupportedInterfaceOrientations_iPhone = "UIInterfaceOrientationPortrait UIInterfaceOrientationLandscapeLeft UIInterfaceOrientationLandscapeRight";
				LD_RUNPATH_SEARCH_PATHS = (
					"$(inherited)",
					"@executable_path/Frameworks",
				);
				MARKETING_VERSION = 1.0;
				PRODUCT_BUNDLE_IDENTIFIER = com.roverty.MemorizeGame;
				PRODUCT_NAME = "$(TARGET_NAME)";
				SWIFT_EMIT_LOC_STRINGS = YES;
				SWIFT_VERSION = 5.0;
				TARGETED_DEVICE_FAMILY = "1,2";
			};
			name = Debug;
		};
		03484AC1292FD0FB00AAE2AA /* Release */ = {
			isa = XCBuildConfiguration;
			buildSettings = {
				ASSETCATALOG_COMPILER_APPICON_NAME = AppIcon;
				ASSETCATALOG_COMPILER_GLOBAL_ACCENT_COLOR_NAME = AccentColor;
				CODE_SIGN_STYLE = Automatic;
				CURRENT_PROJECT_VERSION = 1;
				DEVELOPMENT_ASSET_PATHS = "\"MemorizeGame/Preview Content\"";
				DEVELOPMENT_TEAM = 2F72X23THM;
				ENABLE_PREVIEWS = YES;
				GENERATE_INFOPLIST_FILE = YES;
				INFOPLIST_KEY_UIApplicationSceneManifest_Generation = YES;
				INFOPLIST_KEY_UIApplicationSupportsIndirectInputEvents = YES;
				INFOPLIST_KEY_UILaunchScreen_Generation = YES;
				INFOPLIST_KEY_UISupportedInterfaceOrientations_iPad = "UIInterfaceOrientationPortrait UIInterfaceOrientationPortraitUpsideDown UIInterfaceOrientationLandscapeLeft UIInterfaceOrientationLandscapeRight";
				INFOPLIST_KEY_UISupportedInterfaceOrientations_iPhone = "UIInterfaceOrientationPortrait UIInterfaceOrientationLandscapeLeft UIInterfaceOrientationLandscapeRight";
				LD_RUNPATH_SEARCH_PATHS = (
					"$(inherited)",
					"@executable_path/Frameworks",
				);
				MARKETING_VERSION = 1.0;
				PRODUCT_BUNDLE_IDENTIFIER = com.roverty.MemorizeGame;
				PRODUCT_NAME = "$(TARGET_NAME)";
				SWIFT_EMIT_LOC_STRINGS = YES;
				SWIFT_VERSION = 5.0;
				TARGETED_DEVICE_FAMILY = "1,2";
			};
			name = Release;
		};
/* End XCBuildConfiguration section */

/* Begin XCConfigurationList section */
		03484AAC292FD0F700AAE2AA /* Build configuration list for PBXProject "MemorizeGame" */ = {
			isa = XCConfigurationList;
			buildConfigurations = (
				03484ABD292FD0FB00AAE2AA /* Debug */,
				03484ABE292FD0FB00AAE2AA /* Release */,
			);
			defaultConfigurationIsVisible = 0;
			defaultConfigurationName = Release;
		};
		03484ABF292FD0FB00AAE2AA /* Build configuration list for PBXNativeTarget "MemorizeGame" */ = {
			isa = XCConfigurationList;
			buildConfigurations = (
				03484AC0292FD0FB00AAE2AA /* Debug */,
				03484AC1292FD0FB00AAE2AA /* Release */,
			);
			defaultConfigurationIsVisible = 0;
			defaultConfigurationName = Release;
		};
/* End XCConfigurationList section */
	};
	rootObject = 03484AA9292FD0F700AAE2AA /* Project object */;
}
